
Microsoft Visual Studio Solution File, Format Version 12.00
# Visual Studio Version 17
VisualStudioVersion = 17.0.31903.59
MinimumVisualStudioVersion = 10.0.40219.1
Project("{FAE04EC0-301F-11D3-BF4B-00C04F79EFBC}") = "ServicePlatform.Domain", "ServicePlatform.Domain\ServicePlatform.Domain.csproj", "{D18B2A60-5B96-4B41-A132-0C56BFBFEB9F}"
EndProject
Project("{FAE04EC0-301F-11D3-BF4B-00C04F79EFBC}") = "ServicePlatform.Application", "ServicePlatform.Application\ServicePlatform.Application.csproj", "{06884659-81CA-4C60-B99A-FC4408045769}"
EndProject
Project("{FAE04EC0-301F-11D3-BF4B-00C04F79EFBC}") = "ServicePlatform.Infrastructure", "ServicePlatform.Infrastructure\ServicePlatform.Infrastructure.csproj", "{318E9E97-042F-4936-92EB-9761979E8038}"
EndProject
Project("{FAE04EC0-301F-11D3-BF4B-00C04F79EFBC}") = "ServicePlatform.Api", "ServicePlatform.Api\ServicePlatform.Api.csproj", "{D90EFE5F-C3F9-4B59-B196-E4D88EEBB45E}"
EndProject
Global
	GlobalSection(SolutionConfigurationPlatforms) = preSolution
		Debug|Any CPU = Debug|Any CPU
		Debug|x64 = Debug|x64
		Debug|x86 = Debug|x86
		Release|Any CPU = Release|Any CPU
		Release|x64 = Release|x64
		Release|x86 = Release|x86
	EndGlobalSection
	GlobalSection(ProjectConfigurationPlatforms) = postSolution
		{D18B2A60-5B96-4B41-A132-0C56BFBFEB9F}.Debug|Any CPU.ActiveCfg = Debug|Any CPU
		{D18B2A60-5B96-4B41-A132-0C56BFBFEB9F}.Debug|Any CPU.Build.0 = Debug|Any CPU
		{D18B2A60-5B96-4B41-A132-0C56BFBFEB9F}.Debug|x64.ActiveCfg = Debug|Any CPU
		{D18B2A60-5B96-4B41-A132-0C56BFBFEB9F}.Debug|x64.Build.0 = Debug|Any CPU
		{D18B2A60-5B96-4B41-A132-0C56BFBFEB9F}.Debug|x86.ActiveCfg = Debug|Any CPU
		{D18B2A60-5B96-4B41-A132-0C56BFBFEB9F}.Debug|x86.Build.0 = Debug|Any CPU
		{D18B2A60-5B96-4B41-A132-0C56BFBFEB9F}.Release|Any CPU.ActiveCfg = Release|Any CPU
		{D18B2A60-5B96-4B41-A132-0C56BFBFEB9F}.Release|Any CPU.Build.0 = Release|Any CPU
		{D18B2A60-5B96-4B41-A132-0C56BFBFEB9F}.Release|x64.ActiveCfg = Release|Any CPU
		{D18B2A60-5B96-4B41-A132-0C56BFBFEB9F}.Release|x64.Build.0 = Release|Any CPU
		{D18B2A60-5B96-4B41-A132-0C56BFBFEB9F}.Release|x86.ActiveCfg = Release|Any CPU
		{D18B2A60-5B96-4B41-A132-0C56BFBFEB9F}.Release|x86.Build.0 = Release|Any CPU
		{06884659-81CA-4C60-B99A-FC4408045769}.Debug|Any CPU.ActiveCfg = Debug|Any CPU
		{06884659-81CA-4C60-B99A-FC4408045769}.Debug|Any CPU.Build.0 = Debug|Any CPU
		{06884659-81CA-4C60-B99A-FC4408045769}.Debug|x64.ActiveCfg = Debug|Any CPU
		{06884659-81CA-4C60-B99A-FC4408045769}.Debug|x64.Build.0 = Debug|Any CPU
		{06884659-81CA-4C60-B99A-FC4408045769}.Debug|x86.ActiveCfg = Debug|Any CPU
		{06884659-81CA-4C60-B99A-FC4408045769}.Debug|x86.Build.0 = Debug|Any CPU
		{06884659-81CA-4C60-B99A-FC4408045769}.Release|Any CPU.ActiveCfg = Release|Any CPU
		{06884659-81CA-4C60-B99A-FC4408045769}.Release|Any CPU.Build.0 = Release|Any CPU
		{06884659-81CA-4C60-B99A-FC4408045769}.Release|x64.ActiveCfg = Release|Any CPU
		{06884659-81CA-4C60-B99A-FC4408045769}.Release|x64.Build.0 = Release|Any CPU
		{06884659-81CA-4C60-B99A-FC4408045769}.Release|x86.ActiveCfg = Release|Any CPU
		{06884659-81CA-4C60-B99A-FC4408045769}.Release|x86.Build.0 = Release|Any CPU
		{318E9E97-042F-4936-92EB-9761979E8038}.Debug|Any CPU.ActiveCfg = Debug|Any CPU
		{318E9E97-042F-4936-92EB-9761979E8038}.Debug|Any CPU.Build.0 = Debug|Any CPU
		{318E9E97-042F-4936-92EB-9761979E8038}.Debug|x64.ActiveCfg = Debug|Any CPU
		{318E9E97-042F-4936-92EB-9761979E8038}.Debug|x64.Build.0 = Debug|Any CPU
		{318E9E97-042F-4936-92EB-9761979E8038}.Debug|x86.ActiveCfg = Debug|Any CPU
		{318E9E97-042F-4936-92EB-9761979E8038}.Debug|x86.Build.0 = Debug|Any CPU
		{318E9E97-042F-4936-92EB-9761979E8038}.Release|Any CPU.ActiveCfg = Release|Any CPU
		{318E9E97-042F-4936-92EB-9761979E8038}.Release|Any CPU.Build.0 = Release|Any CPU
		{318E9E97-042F-4936-92EB-9761979E8038}.Release|x64.ActiveCfg = Release|Any CPU
		{318E9E97-042F-4936-92EB-9761979E8038}.Release|x64.Build.0 = Release|Any CPU
		{318E9E97-042F-4936-92EB-9761979E8038}.Release|x86.ActiveCfg = Release|Any CPU
		{318E9E97-042F-4936-92EB-9761979E8038}.Release|x86.Build.0 = Release|Any CPU
		{D90EFE5F-C3F9-4B59-B196-E4D88EEBB45E}.Debug|Any CPU.ActiveCfg = Debug|Any CPU
		{D90EFE5F-C3F9-4B59-B196-E4D88EEBB45E}.Debug|Any CPU.Build.0 = Debug|Any CPU
		{D90EFE5F-C3F9-4B59-B196-E4D88EEBB45E}.Debug|x64.ActiveCfg = Debug|Any CPU
		{D90EFE5F-C3F9-4B59-B196-E4D88EEBB45E}.Debug|x64.Build.0 = Debug|Any CPU
		{D90EFE5F-C3F9-4B59-B196-E4D88EEBB45E}.Debug|x86.ActiveCfg = Debug|Any CPU
		{D90EFE5F-C3F9-4B59-B196-E4D88EEBB45E}.Debug|x86.Build.0 = Debug|Any CPU
		{D90EFE5F-C3F9-4B59-B196-E4D88EEBB45E}.Release|Any CPU.ActiveCfg = Release|Any CPU
		{D90EFE5F-C3F9-4B59-B196-E4D88EEBB45E}.Release|Any CPU.Build.0 = Release|Any CPU
		{D90EFE5F-C3F9-4B59-B196-E4D88EEBB45E}.Release|x64.ActiveCfg = Release|Any CPU
		{D90EFE5F-C3F9-4B59-B196-E4D88EEBB45E}.Release|x64.Build.0 = Release|Any CPU
		{D90EFE5F-C3F9-4B59-B196-E4D88EEBB45E}.Release|x86.ActiveCfg = Release|Any CPU
		{D90EFE5F-C3F9-4B59-B196-E4D88EEBB45E}.Release|x86.Build.0 = Release|Any CPU
	EndGlobalSection
	GlobalSection(SolutionProperties) = preSolution
		HideSolutionNode = FALSE
	EndGlobalSection
EndGlobal
